// !$*UTF8*$!
{
	archiveVersion = 1;
	classes = {
	};
	objectVersion = 55;
	objects = {

/* Begin PBXBuildFile section */
		AD2733982870C68C00825C6D /* MainMenuView.swift in Sources */ = {isa = PBXBuildFile; fileRef = AD2733972870C68C00825C6D /* MainMenuView.swift */; };
		AD66413028787C3C005D1125 /* MoneyViews.swift in Sources */ = {isa = PBXBuildFile; fileRef = AD66412F28787C3C005D1125 /* MoneyViews.swift */; };
		AD66413228787CB4005D1125 /* PileOfCardsView.swift in Sources */ = {isa = PBXBuildFile; fileRef = AD66413128787CB4005D1125 /* PileOfCardsView.swift */; };
		ADD1CD61286DD710006FED1A /* BlackJackApp.swift in Sources */ = {isa = PBXBuildFile; fileRef = ADD1CD60286DD710006FED1A /* BlackJackApp.swift */; };
		ADD1CD63286DD710006FED1A /* BlackJackGameView.swift in Sources */ = {isa = PBXBuildFile; fileRef = ADD1CD62286DD710006FED1A /* BlackJackGameView.swift */; };
		ADD1CD65286DD711006FED1A /* Assets.xcassets in Resources */ = {isa = PBXBuildFile; fileRef = ADD1CD64286DD711006FED1A /* Assets.xcassets */; };
		ADD1CD68286DD711006FED1A /* Preview Assets.xcassets in Resources */ = {isa = PBXBuildFile; fileRef = ADD1CD67286DD711006FED1A /* Preview Assets.xcassets */; };
		ADD1CD6F286DD7AF006FED1A /* APIDataDownloader.swift in Sources */ = {isa = PBXBuildFile; fileRef = ADD1CD6E286DD7AF006FED1A /* APIDataDownloader.swift */; };
		ADD1CD71286DD7D0006FED1A /* APIStructures.swift in Sources */ = {isa = PBXBuildFile; fileRef = ADD1CD70286DD7D0006FED1A /* APIStructures.swift */; };
		ADD1CD73286DD7EA006FED1A /* CardGameModel.swift in Sources */ = {isa = PBXBuildFile; fileRef = ADD1CD72286DD7EA006FED1A /* CardGameModel.swift */; };
/* End PBXBuildFile section */

/* Begin PBXFileReference section */
		AD2733972870C68C00825C6D /* MainMenuView.swift */ = {isa = PBXFileReference; lastKnownFileType = sourcecode.swift; path = MainMenuView.swift; sourceTree = "<group>"; };
		AD66412F28787C3C005D1125 /* MoneyViews.swift */ = {isa = PBXFileReference; lastKnownFileType = sourcecode.swift; path = MoneyViews.swift; sourceTree = "<group>"; };
		AD66413128787CB4005D1125 /* PileOfCardsView.swift */ = {isa = PBXFileReference; lastKnownFileType = sourcecode.swift; path = PileOfCardsView.swift; sourceTree = "<group>"; };
		ADD1CD5D286DD710006FED1A /* BlackJack.app */ = {isa = PBXFileReference; explicitFileType = wrapper.application; includeInIndex = 0; path = BlackJack.app; sourceTree = BUILT_PRODUCTS_DIR; };
		ADD1CD60286DD710006FED1A /* BlackJackApp.swift */ = {isa = PBXFileReference; lastKnownFileType = sourcecode.swift; path = BlackJackApp.swift; sourceTree = "<group>"; };
		ADD1CD62286DD710006FED1A /* BlackJackGameView.swift */ = {isa = PBXFileReference; lastKnownFileType = sourcecode.swift; path = BlackJackGameView.swift; sourceTree = "<group>"; };
		ADD1CD64286DD711006FED1A /* Assets.xcassets */ = {isa = PBXFileReference; lastKnownFileType = folder.assetcatalog; path = Assets.xcassets; sourceTree = "<group>"; };
		ADD1CD67286DD711006FED1A /* Preview Assets.xcassets */ = {isa = PBXFileReference; lastKnownFileType = folder.assetcatalog; path = "Preview Assets.xcassets"; sourceTree = "<group>"; };
		ADD1CD6E286DD7AF006FED1A /* APIDataDownloader.swift */ = {isa = PBXFileReference; lastKnownFileType = sourcecode.swift; path = APIDataDownloader.swift; sourceTree = "<group>"; };
		ADD1CD70286DD7D0006FED1A /* APIStructures.swift */ = {isa = PBXFileReference; lastKnownFileType = sourcecode.swift; path = APIStructures.swift; sourceTree = "<group>"; usesTabs = 1; };
		ADD1CD72286DD7EA006FED1A /* CardGameModel.swift */ = {isa = PBXFileReference; lastKnownFileType = sourcecode.swift; path = CardGameModel.swift; sourceTree = "<group>"; };
/* End PBXFileReference section */

/* Begin PBXFrameworksBuildPhase section */
		ADD1CD5A286DD710006FED1A /* Frameworks */ = {
			isa = PBXFrameworksBuildPhase;
			buildActionMask = 2147483647;
			files = (
			);
			runOnlyForDeploymentPostprocessing = 0;
		};
/* End PBXFrameworksBuildPhase section */

/* Begin PBXGroup section */
		AD27339B2870D48400825C6D /* Views */ = {
			isa = PBXGroup;
			children = (
				AD2733972870C68C00825C6D /* MainMenuView.swift */,
				ADD1CD62286DD710006FED1A /* BlackJackGameView.swift */,
				AD66412F28787C3C005D1125 /* MoneyViews.swift */,
				AD66413128787CB4005D1125 /* PileOfCardsView.swift */,
			);
			path = Views;
			sourceTree = "<group>";
		};
		AD27339D2870D4D400825C6D /* Model */ = {
			isa = PBXGroup;
			children = (
				ADD1CD72286DD7EA006FED1A /* CardGameModel.swift */,
			);
			path = Model;
			sourceTree = "<group>";
		};
		AD27339E2870D4DC00825C6D /* API */ = {
			isa = PBXGroup;
			children = (
				ADD1CD6E286DD7AF006FED1A /* APIDataDownloader.swift */,
				ADD1CD70286DD7D0006FED1A /* APIStructures.swift */,
			);
			path = API;
			sourceTree = "<group>";
		};
		ADD1CD54286DD710006FED1A = {
			isa = PBXGroup;
			children = (
				ADD1CD5F286DD710006FED1A /* BlackJack */,
				ADD1CD5E286DD710006FED1A /* Products */,
			);
			sourceTree = "<group>";
		};
		ADD1CD5E286DD710006FED1A /* Products */ = {
			isa = PBXGroup;
			children = (
				ADD1CD5D286DD710006FED1A /* BlackJack.app */,
			);
			name = Products;
			sourceTree = "<group>";
		};
		ADD1CD5F286DD710006FED1A /* BlackJack */ = {
			isa = PBXGroup;
			children = (
				ADD1CD60286DD710006FED1A /* BlackJackApp.swift */,
				AD27339E2870D4DC00825C6D /* API */,
				AD27339D2870D4D400825C6D /* Model */,
				AD27339B2870D48400825C6D /* Views */,
				ADD1CD64286DD711006FED1A /* Assets.xcassets */,
				ADD1CD66286DD711006FED1A /* Preview Content */,
			);
			path = BlackJack;
			sourceTree = "<group>";
		};
		ADD1CD66286DD711006FED1A /* Preview Content */ = {
			isa = PBXGroup;
			children = (
				ADD1CD67286DD711006FED1A /* Preview Assets.xcassets */,
			);
			path = "Preview Content";
			sourceTree = "<group>";
		};
/* End PBXGroup section */

/* Begin PBXNativeTarget section */
		ADD1CD5C286DD710006FED1A /* BlackJack */ = {
			isa = PBXNativeTarget;
			buildConfigurationList = ADD1CD6B286DD711006FED1A /* Build configuration list for PBXNativeTarget "BlackJack" */;
			buildPhases = (
				ADD1CD59286DD710006FED1A /* Sources */,
				ADD1CD5A286DD710006FED1A /* Frameworks */,
				ADD1CD5B286DD710006FED1A /* Resources */,
			);
			buildRules = (
			);
			dependencies = (
			);
			name = BlackJack;
			productName = BlackJack;
			productReference = ADD1CD5D286DD710006FED1A /* BlackJack.app */;
			productType = "com.apple.product-type.application";
		};
/* End PBXNativeTarget section */

/* Begin PBXProject section */
		ADD1CD55286DD710006FED1A /* Project object */ = {
			isa = PBXProject;
			attributes = {
				BuildIndependentTargetsInParallel = 1;
				LastSwiftUpdateCheck = 1340;
				LastUpgradeCheck = 1340;
				TargetAttributes = {
					ADD1CD5C286DD710006FED1A = {
						CreatedOnToolsVersion = 13.4.1;
					};
				};
			};
			buildConfigurationList = ADD1CD58286DD710006FED1A /* Build configuration list for PBXProject "BlackJack" */;
			compatibilityVersion = "Xcode 13.0";
			developmentRegion = en;
			hasScannedForEncodings = 0;
			knownRegions = (
				en,
				Base,
			);
			mainGroup = ADD1CD54286DD710006FED1A;
			productRefGroup = ADD1CD5E286DD710006FED1A /* Products */;
			projectDirPath = "";
			projectRoot = "";
			targets = (
				ADD1CD5C286DD710006FED1A /* BlackJack */,
			);
		};
/* End PBXProject section */

/* Begin PBXResourcesBuildPhase section */
		ADD1CD5B286DD710006FED1A /* Resources */ = {
			isa = PBXResourcesBuildPhase;
			buildActionMask = 2147483647;
			files = (
				ADD1CD68286DD711006FED1A /* Preview Assets.xcassets in Resources */,
				ADD1CD65286DD711006FED1A /* Assets.xcassets in Resources */,
			);
			runOnlyForDeploymentPostprocessing = 0;
		};
/* End PBXResourcesBuildPhase section */

/* Begin PBXSourcesBuildPhase section */
		ADD1CD59286DD710006FED1A /* Sources */ = {
			isa = PBXSourcesBuildPhase;
			buildActionMask = 2147483647;
			files = (
				AD66413028787C3C005D1125 /* MoneyViews.swift in Sources */,
				AD2733982870C68C00825C6D /* MainMenuView.swift in Sources */,
				ADD1CD71286DD7D0006FED1A /* APIStructures.swift in Sources */,
				ADD1CD63286DD710006FED1A /* BlackJackGameView.swift in Sources */,
				ADD1CD73286DD7EA006FED1A /* CardGameModel.swift in Sources */,
				ADD1CD61286DD710006FED1A /* BlackJackApp.swift in Sources */,
				ADD1CD6F286DD7AF006FED1A /* APIDataDownloader.swift in Sources */,
				AD66413228787CB4005D1125 /* PileOfCardsView.swift in Sources */,
			);
			runOnlyForDeploymentPostprocessing = 0;
		};
/* End PBXSourcesBuildPhase section */

/* Begin XCBuildConfiguration section */
		ADD1CD69286DD711006FED1A /* Debug */ = {
			isa = XCBuildConfiguration;
			buildSettings = {
				ALWAYS_SEARCH_USER_PATHS = NO;
				CLANG_ANALYZER_NONNULL = YES;
				CLANG_ANALYZER_NUMBER_OBJECT_CONVERSION = YES_AGGRESSIVE;
				CLANG_CXX_LANGUAGE_STANDARD = "gnu++17";
				CLANG_ENABLE_MODULES = YES;
				CLANG_ENABLE_OBJC_ARC = YES;
				CLANG_ENABLE_OBJC_WEAK = YES;
				CLANG_WARN_BLOCK_CAPTURE_AUTORELEASING = YES;
				CLANG_WARN_BOOL_CONVERSION = YES;
				CLANG_WARN_COMMA = YES;
				CLANG_WARN_CONSTANT_CONVERSION = YES;
				CLANG_WARN_DEPRECATED_OBJC_IMPLEMENTATIONS = YES;
				CLANG_WARN_DIRECT_OBJC_ISA_USAGE = YES_ERROR;
				CLANG_WARN_DOCUMENTATION_COMMENTS = YES;
				CLANG_WARN_EMPTY_BODY = YES;
				CLANG_WARN_ENUM_CONVERSION = YES;
				CLANG_WARN_INFINITE_RECURSION = YES;
				CLANG_WARN_INT_CONVERSION = YES;
				CLANG_WARN_NON_LITERAL_NULL_CONVERSION = YES;
				CLANG_WARN_OBJC_IMPLICIT_RETAIN_SELF = YES;
				CLANG_WARN_OBJC_LITERAL_CONVERSION = YES;
				CLANG_WARN_OBJC_ROOT_CLASS = YES_ERROR;
				CLANG_WARN_QUOTED_INCLUDE_IN_FRAMEWORK_HEADER = YES;
				CLANG_WARN_RANGE_LOOP_ANALYSIS = YES;
				CLANG_WARN_STRICT_PROTOTYPES = YES;
				CLANG_WARN_SUSPICIOUS_MOVE = YES;
				CLANG_WARN_UNGUARDED_AVAILABILITY = YES_AGGRESSIVE;
				CLANG_WARN_UNREACHABLE_CODE = YES;
				CLANG_WARN__DUPLICATE_METHOD_MATCH = YES;
				COPY_PHASE_STRIP = NO;
				DEBUG_INFORMATION_FORMAT = dwarf;
				ENABLE_STRICT_OBJC_MSGSEND = YES;
				ENABLE_TESTABILITY = YES;
				GCC_C_LANGUAGE_STANDARD = gnu11;
				GCC_DYNAMIC_NO_PIC = NO;
				GCC_NO_COMMON_BLOCKS = YES;
				GCC_OPTIMIZATION_LEVEL = 0;
				GCC_PREPROCESSOR_DEFINITIONS = (
					"DEBUG=1",
					"$(inherited)",
				);
				GCC_WARN_64_TO_32_BIT_CONVERSION = YES;
				GCC_WARN_ABOUT_RETURN_TYPE = YES_ERROR;
				GCC_WARN_UNDECLARED_SELECTOR = YES;
				GCC_WARN_UNINITIALIZED_AUTOS = YES_AGGRESSIVE;
				GCC_WARN_UNUSED_FUNCTION = YES;
				GCC_WARN_UNUSED_VARIABLE = YES;
				IPHONEOS_DEPLOYMENT_TARGET = 15.5;
				MTL_ENABLE_DEBUG_INFO = INCLUDE_SOURCE;
				MTL_FAST_MATH = YES;
				ONLY_ACTIVE_ARCH = YES;
				SDKROOT = iphoneos;
				SWIFT_ACTIVE_COMPILATION_CONDITIONS = DEBUG;
				SWIFT_OPTIMIZATION_LEVEL = "-Onone";
			};
			name = Debug;
		};
		ADD1CD6A286DD711006FED1A /* Release */ = {
			isa = XCBuildConfiguration;
			buildSettings = {
				ALWAYS_SEARCH_USER_PATHS = NO;
				CLANG_ANALYZER_NONNULL = YES;
				CLANG_ANALYZER_NUMBER_OBJECT_CONVERSION = YES_AGGRESSIVE;
				CLANG_CXX_LANGUAGE_STANDARD = "gnu++17";
				CLANG_ENABLE_MODULES = YES;
				CLANG_ENABLE_OBJC_ARC = YES;
				CLANG_ENABLE_OBJC_WEAK = YES;
				CLANG_WARN_BLOCK_CAPTURE_AUTORELEASING = YES;
				CLANG_WARN_BOOL_CONVERSION = YES;
				CLANG_WARN_COMMA = YES;
				CLANG_WARN_CONSTANT_CONVERSION = YES;
				CLANG_WARN_DEPRECATED_OBJC_IMPLEMENTATIONS = YES;
				CLANG_WARN_DIRECT_OBJC_ISA_USAGE = YES_ERROR;
				CLANG_WARN_DOCUMENTATION_COMMENTS = YES;
				CLANG_WARN_EMPTY_BODY = YES;
				CLANG_WARN_ENUM_CONVERSION = YES;
				CLANG_WARN_INFINITE_RECURSION = YES;
				CLANG_WARN_INT_CONVERSION = YES;
				CLANG_WARN_NON_LITERAL_NULL_CONVERSION = YES;
				CLANG_WARN_OBJC_IMPLICIT_RETAIN_SELF = YES;
				CLANG_WARN_OBJC_LITERAL_CONVERSION = YES;
				CLANG_WARN_OBJC_ROOT_CLASS = YES_ERROR;
				CLANG_WARN_QUOTED_INCLUDE_IN_FRAMEWORK_HEADER = YES;
				CLANG_WARN_RANGE_LOOP_ANALYSIS = YES;
				CLANG_WARN_STRICT_PROTOTYPES = YES;
				CLANG_WARN_SUSPICIOUS_MOVE = YES;
				CLANG_WARN_UNGUARDED_AVAILABILITY = YES_AGGRESSIVE;
				CLANG_WARN_UNREACHABLE_CODE = YES;
				CLANG_WARN__DUPLICATE_METHOD_MATCH = YES;
				COPY_PHASE_STRIP = NO;
				DEBUG_INFORMATION_FORMAT = "dwarf-with-dsym";
				ENABLE_NS_ASSERTIONS = NO;
				ENABLE_STRICT_OBJC_MSGSEND = YES;
				GCC_C_LANGUAGE_STANDARD = gnu11;
				GCC_NO_COMMON_BLOCKS = YES;
				GCC_WARN_64_TO_32_BIT_CONVERSION = YES;
				GCC_WARN_ABOUT_RETURN_TYPE = YES_ERROR;
				GCC_WARN_UNDECLARED_SELECTOR = YES;
				GCC_WARN_UNINITIALIZED_AUTOS = YES_AGGRESSIVE;
				GCC_WARN_UNUSED_FUNCTION = YES;
				GCC_WARN_UNUSED_VARIABLE = YES;
				IPHONEOS_DEPLOYMENT_TARGET = 15.5;
				MTL_ENABLE_DEBUG_INFO = NO;
				MTL_FAST_MATH = YES;
				SDKROOT = iphoneos;
				SWIFT_COMPILATION_MODE = wholemodule;
				SWIFT_OPTIMIZATION_LEVEL = "-O";
				VALIDATE_PRODUCT = YES;
			};
			name = Release;
		};
		ADD1CD6C286DD711006FED1A /* Debug */ = {
			isa = XCBuildConfiguration;
			buildSettings = {
				ASSETCATALOG_COMPILER_APPICON_NAME = AppIcon;
				ASSETCATALOG_COMPILER_GLOBAL_ACCENT_COLOR_NAME = AccentColor;
				ASSETCATALOG_COMPILER_INCLUDE_ALL_APPICON_ASSETS = NO;
				CODE_SIGN_STYLE = Automatic;
				CURRENT_PROJECT_VERSION = 1;
				DEVELOPMENT_ASSET_PATHS = "\"BlackJack/Preview Content\"";
				DEVELOPMENT_TEAM = 59Z2BYR2P9;
				ENABLE_PREVIEWS = YES;
				GENERATE_INFOPLIST_FILE = YES;
				INFOPLIST_KEY_NSMainNibFile = Main;
				INFOPLIST_KEY_UIApplicationSceneManifest_Generation = YES;
				INFOPLIST_KEY_UIApplicationSupportsIndirectInputEvents = YES;
				INFOPLIST_KEY_UILaunchScreen_Generation = YES;
				INFOPLIST_KEY_UISupportedInterfaceOrientations = UIInterfaceOrientationPortrait;
				INFOPLIST_KEY_UISupportedInterfaceOrientations_iPad = UIInterfaceOrientationPortrait;
				INFOPLIST_KEY_UISupportedInterfaceOrientations_iPhone = UIInterfaceOrientationPortrait;
				LD_RUNPATH_SEARCH_PATHS = (
					"$(inherited)",
					"@executable_path/Frameworks",
				);
				MARKETING_VERSION = 1.0;
				PRODUCT_BUNDLE_IDENTIFIER = JonahMorgan.BlackJack;
				PRODUCT_NAME = "$(TARGET_NAME)";
				SWIFT_EMIT_LOC_STRINGS = YES;
				SWIFT_VERSION = 5.0;
				TARGETED_DEVICE_FAMILY = "1,2";
			};
			name = Debug;
		};
		ADD1CD6D286DD711006FED1A /* Release */ = {
			isa = XCBuildConfiguration;
			buildSettings = {
				ASSETCATALOG_COMPILER_APPICON_NAME = AppIcon;
				ASSETCATALOG_COMPILER_GLOBAL_ACCENT_COLOR_NAME = AccentColor;
				ASSETCATALOG_COMPILER_INCLUDE_ALL_APPICON_ASSETS = NO;
				CODE_SIGN_STYLE = Automatic;
				CURRENT_PROJECT_VERSION = 1;
				DEVELOPMENT_ASSET_PATHS = "\"BlackJack/Preview Content\"";
				DEVELOPMENT_TEAM = 59Z2BYR2P9;
				ENABLE_PREVIEWS = YES;
				GENERATE_INFOPLIST_FILE = YES;
				INFOPLIST_KEY_NSMainNibFile = Main;
				INFOPLIST_KEY_UIApplicationSceneManifest_Generation = YES;
				INFOPLIST_KEY_UIApplicationSupportsIndirectInputEvents = YES;
				INFOPLIST_KEY_UILaunchScreen_Generation = YES;
				INFOPLIST_KEY_UISupportedInterfaceOrientations = UIInterfaceOrientationPortrait;
				INFOPLIST_KEY_UISupportedInterfaceOrientations_iPad = UIInterfaceOrientationPortrait;
				INFOPLIST_KEY_UISupportedInterfaceOrientations_iPhone = UIInterfaceOrientationPortrait;
				LD_RUNPATH_SEARCH_PATHS = (
					"$(inherited)",
					"@executable_path/Frameworks",
				);
				MARKETING_VERSION = 1.0;
				PRODUCT_BUNDLE_IDENTIFIER = JonahMorgan.BlackJack;
				PRODUCT_NAME = "$(TARGET_NAME)";
				SWIFT_EMIT_LOC_STRINGS = YES;
				SWIFT_VERSION = 5.0;
				TARGETED_DEVICE_FAMILY = "1,2";
			};
			name = Release;
		};
/* End XCBuildConfiguration section */

/* Begin XCConfigurationList section */
		ADD1CD58286DD710006FED1A /* Build configuration list for PBXProject "BlackJack" */ = {
			isa = XCConfigurationList;
			buildConfigurations = (
				ADD1CD69286DD711006FED1A /* Debug */,
				ADD1CD6A286DD711006FED1A /* Release */,
			);
			defaultConfigurationIsVisible = 0;
			defaultConfigurationName = Release;
		};
		ADD1CD6B286DD711006FED1A /* Build configuration list for PBXNativeTarget "BlackJack" */ = {
			isa = XCConfigurationList;
			buildConfigurations = (
				ADD1CD6C286DD711006FED1A /* Debug */,
				ADD1CD6D286DD711006FED1A /* Release */,
			);
			defaultConfigurationIsVisible = 0;
			defaultConfigurationName = Release;
		};
/* End XCConfigurationList section */
	};
	rootObject = ADD1CD55286DD710006FED1A /* Project object */;
}
